
Microsoft Visual Studio Solution File, Format Version 12.00
# Visual Studio Version 16
VisualStudioVersion = 16.0.29613.14
MinimumVisualStudioVersion = 10.0.40219.1
Project("{FAE04EC0-301F-11D3-BF4B-00C04F79EFBC}") = "FilterMaster", "FilterMaster\FilterMaster.csproj", "{C3ECD019-D450-4212-9B0A-7A122F9D22D5}"
EndProject
Global
	GlobalSection(SolutionConfigurationPlatforms) = preSolution
		Debug|Any CPU = Debug|Any CPU
		Release|Any CPU = Release|Any CPU
	EndGlobalSection
	GlobalSection(ProjectConfigurationPlatforms) = postSolution
		{C3ECD019-D450-4212-9B0A-7A122F9D22D5}.Debug|Any CPU.ActiveCfg = Debug|Any CPU
		{C3ECD019-D450-4212-9B0A-7A122F9D22D5}.Debug|Any CPU.Build.0 = Debug|Any CPU
		{C3ECD019-D450-4212-9B0A-7A122F9D22D5}.Release|Any CPU.ActiveCfg = Release|Any CPU
		{C3ECD019-D450-4212-9B0A-7A122F9D22D5}.Release|Any CPU.Build.0 = Release|Any CPU
	EndGlobalSection
	GlobalSection(SolutionProperties) = preSolution
		HideSolutionNode = FALSE
	EndGlobalSection
	GlobalSection(ExtensibilityGlobals) = postSolution
		SolutionGuid = {D28F49A9-9031-41AE-9D45-06A2CA402C93}
	EndGlobalSection
EndGlobal
